PODS:
  - AppCenter (1.6.0):
    - AppCenter/Analytics (= 1.6.0)
    - AppCenter/Crashes (= 1.6.0)
  - AppCenter/Analytics (1.6.0):
    - AppCenter/Core
  - AppCenter/Core (1.6.0)
  - AppCenter/Crashes (1.6.0):
    - AppCenter/Core

DEPENDENCIES:
  - AppCenter

SPEC REPOS:
  https://github.com/CocoaPods/Specs.git:
    - AppCenter

SPEC CHECKSUMS:
  AppCenter: 05e11ff99d3224131363abb61830172f5f28e53e

PODFILE CHECKSUM: e9fb48423039643b1971f92d9953cb6275996031

COCOAPODS: 1.5.0
