// !$*UTF8*$!
{
	archiveVersion = 1;
	classes = {
	};
	objectVersion = 46;
	objects = {

/* Begin PBXBuildFile section */
		1BDEEA3B314685A8D113A4C4 /* Pods_Tourist_Helper.framework in Frameworks */ = {isa = PBXBuildFile; fileRef = 99E32D5125A24C579C4F394C /* Pods_Tourist_Helper.framework */; };
		43B6DB8A20356286000D7915 /* Launch.png in Resources */ = {isa = PBXBuildFile; fileRef = 43B6DB8920356286000D7915 /* Launch.png */; };
		43E6C0DB20A16ED30016FD47 /* Podfile in Resources */ = {isa = PBXBuildFile; fileRef = 43E6C0DA20A16ED30016FD47 /* Podfile */; };
		43EC146E20A2F4AC0073C6DE /* GoogleService-Info.plist in Resources */ = {isa = PBXBuildFile; fileRef = 43EC146D20A2F4AC0073C6DE /* GoogleService-Info.plist */; };
		674DA3B37FD73EC48D22B92B /* Pods_Tourist_HelperUITests.framework in Frameworks */ = {isa = PBXBuildFile; fileRef = 1C0702A37925A9E7B223BA1B /* Pods_Tourist_HelperUITests.framework */; };
		6FC73E5848F7D169896A689F /* Pods_Tourist_HelperTests.framework in Frameworks */ = {isa = PBXBuildFile; fileRef = 6816B7D968DD91D2B566359F /* Pods_Tourist_HelperTests.framework */; };
		FB41C03A1E0D8F0800B5F80F /* CurrencyConvertorNetwork.swift in Sources */ = {isa = PBXBuildFile; fileRef = FB41C0391E0D8F0800B5F80F /* CurrencyConvertorNetwork.swift */; };
		FB4E99771E0AB39D007599CF /* City+CoreDataClass.swift in Sources */ = {isa = PBXBuildFile; fileRef = FB4E99751E0AB39D007599CF /* City+CoreDataClass.swift */; };
		FB4E99781E0AB39D007599CF /* City+CoreDataProperties.swift in Sources */ = {isa = PBXBuildFile; fileRef = FB4E99761E0AB39D007599CF /* City+CoreDataProperties.swift */; };
		FB5303611E0960D2008A405D /* AppDelegate.swift in Sources */ = {isa = PBXBuildFile; fileRef = FB5303601E0960D2008A405D /* AppDelegate.swift */; };
		FB5303661E0960D2008A405D /* Main.storyboard in Resources */ = {isa = PBXBuildFile; fileRef = FB5303641E0960D2008A405D /* Main.storyboard */; };
		FB5303691E0960D2008A405D /* Tourist_Helper.xcdatamodeld in Sources */ = {isa = PBXBuildFile; fileRef = FB5303671E0960D2008A405D /* Tourist_Helper.xcdatamodeld */; };
		FB53036B1E0960D2008A405D /* Assets.xcassets in Resources */ = {isa = PBXBuildFile; fileRef = FB53036A1E0960D2008A405D /* Assets.xcassets */; };
		FB53036E1E0960D2008A405D /* LaunchScreen.storyboard in Resources */ = {isa = PBXBuildFile; fileRef = FB53036C1E0960D2008A405D /* LaunchScreen.storyboard */; };
		FB5303791E0960D2008A405D /* Tourist_HelperTests.swift in Sources */ = {isa = PBXBuildFile; fileRef = FB5303781E0960D2008A405D /* Tourist_HelperTests.swift */; };
		FB5303841E0960D2008A405D /* Tourist_HelperUITests.swift in Sources */ = {isa = PBXBuildFile; fileRef = FB5303831E0960D2008A405D /* Tourist_HelperUITests.swift */; };
		FB5303921E09623B008A405D /* CoreDataStack.swift in Sources */ = {isa = PBXBuildFile; fileRef = FB5303911E09623B008A405D /* CoreDataStack.swift */; };
		FB5303941E096296008A405D /* CurrencyConvertorVC.swift in Sources */ = {isa = PBXBuildFile; fileRef = FB5303931E096296008A405D /* CurrencyConvertorVC.swift */; };
		FB5303981E0962F3008A405D /* LocationWeatherVC.swift in Sources */ = {isa = PBXBuildFile; fileRef = FB5303971E0962F3008A405D /* LocationWeatherVC.swift */; };
		FB5303A11E09728C008A405D /* LocationTableVC.swift in Sources */ = {isa = PBXBuildFile; fileRef = FB5303A01E09728C008A405D /* LocationTableVC.swift */; };
		FB667DB71E0ACC560046B203 /* WeatherSearchVC.swift in Sources */ = {isa = PBXBuildFile; fileRef = FB667DB61E0ACC560046B203 /* WeatherSearchVC.swift */; };
		FB6EFCD01E0A4B2D00FCC8FE /* TouristHelperNetwork.swift in Sources */ = {isa = PBXBuildFile; fileRef = FB6EFCCF1E0A4B2D00FCC8FE /* TouristHelperNetwork.swift */; };
		FBA4D2951E0E5A8E008A6359 /* TouristHelperConstants.swift in Sources */ = {isa = PBXBuildFile; fileRef = FBA4D2941E0E5A8E008A6359 /* TouristHelperConstants.swift */; };
/* End PBXBuildFile section */

/* Begin PBXContainerItemProxy section */
		FB5303751E0960D2008A405D /* PBXContainerItemProxy */ = {
			isa = PBXContainerItemProxy;
			containerPortal = FB5303551E0960D1008A405D /* Project object */;
			proxyType = 1;
			remoteGlobalIDString = FB53035C1E0960D1008A405D;
			remoteInfo = "Tourist Helper";
		};
		FB5303801E0960D2008A405D /* PBXContainerItemProxy */ = {
			isa = PBXContainerItemProxy;
			containerPortal = FB5303551E0960D1008A405D /* Project object */;
			proxyType = 1;
			remoteGlobalIDString = FB53035C1E0960D1008A405D;
			remoteInfo = "Tourist Helper";
		};
/* End PBXContainerItemProxy section */

/* Begin PBXFileReference section */
		1C0702A37925A9E7B223BA1B /* Pods_Tourist_HelperUITests.framework */ = {isa = PBXFileReference; explicitFileType = wrapper.framework; includeInIndex = 0; path = Pods_Tourist_HelperUITests.framework; sourceTree = BUILT_PRODUCTS_DIR; };
		43B6DB8920356286000D7915 /* Launch.png */ = {isa = PBXFileReference; lastKnownFileType = image.png; path = Launch.png; sourceTree = "<group>"; };
		43E6C0DA20A16ED30016FD47 /* Podfile */ = {isa = PBXFileReference; fileEncoding = 4; lastKnownFileType = text; path = Podfile; sourceTree = SOURCE_ROOT; xcLanguageSpecificationIdentifier = xcode.lang.ruby; };
		43EC146C20A1E4780073C6DE /* Tourist Helper.entitlements */ = {isa = PBXFileReference; lastKnownFileType = text.plist.entitlements; path = "Tourist Helper.entitlements"; sourceTree = "<group>"; };
		43EC146D20A2F4AC0073C6DE /* GoogleService-Info.plist */ = {isa = PBXFileReference; fileEncoding = 4; lastKnownFileType = text.plist.xml; path = "GoogleService-Info.plist"; sourceTree = "<group>"; };
		45B3BA02652D8CF758C6351A /* Pods-Tourist Helper.debug.xcconfig */ = {isa = PBXFileReference; includeInIndex = 1; lastKnownFileType = text.xcconfig; name = "Pods-Tourist Helper.debug.xcconfig"; path = "Pods/Target Support Files/Pods-Tourist Helper/Pods-Tourist Helper.debug.xcconfig"; sourceTree = "<group>"; };
		6816B7D968DD91D2B566359F /* Pods_Tourist_HelperTests.framework */ = {isa = PBXFileReference; explicitFileType = wrapper.framework; includeInIndex = 0; path = Pods_Tourist_HelperTests.framework; sourceTree = BUILT_PRODUCTS_DIR; };
		68BCE728A526D2AE25C14205 /* Pods-Tourist HelperUITests.release.xcconfig */ = {isa = PBXFileReference; includeInIndex = 1; lastKnownFileType = text.xcconfig; name = "Pods-Tourist HelperUITests.release.xcconfig"; path = "Pods/Target Support Files/Pods-Tourist HelperUITests/Pods-Tourist HelperUITests.release.xcconfig"; sourceTree = "<group>"; };
		6AB59556426BEA161582B93B /* Pods-Tourist HelperUITests.debug.xcconfig */ = {isa = PBXFileReference; includeInIndex = 1; lastKnownFileType = text.xcconfig; name = "Pods-Tourist HelperUITests.debug.xcconfig"; path = "Pods/Target Support Files/Pods-Tourist HelperUITests/Pods-Tourist HelperUITests.debug.xcconfig"; sourceTree = "<group>"; };
		99E32D5125A24C579C4F394C /* Pods_Tourist_Helper.framework */ = {isa = PBXFileReference; explicitFileType = wrapper.framework; includeInIndex = 0; path = Pods_Tourist_Helper.framework; sourceTree = BUILT_PRODUCTS_DIR; };
		DCB7B33467590468A4B23DF1 /* Pods-Tourist Helper.release.xcconfig */ = {isa = PBXFileReference; includeInIndex = 1; lastKnownFileType = text.xcconfig; name = "Pods-Tourist Helper.release.xcconfig"; path = "Pods/Target Support Files/Pods-Tourist Helper/Pods-Tourist Helper.release.xcconfig"; sourceTree = "<group>"; };
		E91F0F47AA7782076F6C3F8B /* Pods-Tourist HelperTests.release.xcconfig */ = {isa = PBXFileReference; includeInIndex = 1; lastKnownFileType = text.xcconfig; name = "Pods-Tourist HelperTests.release.xcconfig"; path = "Pods/Target Support Files/Pods-Tourist HelperTests/Pods-Tourist HelperTests.release.xcconfig"; sourceTree = "<group>"; };
		EC2A80F7BEA11F9B5C43CD5F /* Pods-Tourist HelperTests.debug.xcconfig */ = {isa = PBXFileReference; includeInIndex = 1; lastKnownFileType = text.xcconfig; name = "Pods-Tourist HelperTests.debug.xcconfig"; path = "Pods/Target Support Files/Pods-Tourist HelperTests/Pods-Tourist HelperTests.debug.xcconfig"; sourceTree = "<group>"; };
		FB41C0391E0D8F0800B5F80F /* CurrencyConvertorNetwork.swift */ = {isa = PBXFileReference; fileEncoding = 4; lastKnownFileType = sourcecode.swift; path = CurrencyConvertorNetwork.swift; sourceTree = "<group>"; };
		FB4E99751E0AB39D007599CF /* City+CoreDataClass.swift */ = {isa = PBXFileReference; fileEncoding = 4; lastKnownFileType = sourcecode.swift; name = "City+CoreDataClass.swift"; path = "../City+CoreDataClass.swift"; sourceTree = "<group>"; };
		FB4E99761E0AB39D007599CF /* City+CoreDataProperties.swift */ = {isa = PBXFileReference; fileEncoding = 4; lastKnownFileType = sourcecode.swift; name = "City+CoreDataProperties.swift"; path = "../City+CoreDataProperties.swift"; sourceTree = "<group>"; };
		FB53035D1E0960D2008A405D /* Tourist Helper.app */ = {isa = PBXFileReference; explicitFileType = wrapper.application; includeInIndex = 0; path = "Tourist Helper.app"; sourceTree = BUILT_PRODUCTS_DIR; };
		FB5303601E0960D2008A405D /* AppDelegate.swift */ = {isa = PBXFileReference; lastKnownFileType = sourcecode.swift; path = AppDelegate.swift; sourceTree = "<group>"; };
		FB5303651E0960D2008A405D /* Base */ = {isa = PBXFileReference; lastKnownFileType = file.storyboard; name = Base; path = Base.lproj/Main.storyboard; sourceTree = "<group>"; };
		FB5303681E0960D2008A405D /* Tourist_Helper.xcdatamodel */ = {isa = PBXFileReference; lastKnownFileType = wrapper.xcdatamodel; path = Tourist_Helper.xcdatamodel; sourceTree = "<group>"; };
		FB53036A1E0960D2008A405D /* Assets.xcassets */ = {isa = PBXFileReference; lastKnownFileType = folder.assetcatalog; path = Assets.xcassets; sourceTree = "<group>"; };
		FB53036D1E0960D2008A405D /* Base */ = {isa = PBXFileReference; lastKnownFileType = file.storyboard; name = Base; path = Base.lproj/LaunchScreen.storyboard; sourceTree = "<group>"; };
		FB53036F1E0960D2008A405D /* Info.plist */ = {isa = PBXFileReference; lastKnownFileType = text.plist.xml; path = Info.plist; sourceTree = "<group>"; };
		FB5303741E0960D2008A405D /* Tourist HelperTests.xctest */ = {isa = PBXFileReference; explicitFileType = wrapper.cfbundle; includeInIndex = 0; path = "Tourist HelperTests.xctest"; sourceTree = BUILT_PRODUCTS_DIR; };
		FB5303781E0960D2008A405D /* Tourist_HelperTests.swift */ = {isa = PBXFileReference; lastKnownFileType = sourcecode.swift; path = Tourist_HelperTests.swift; sourceTree = "<group>"; };
		FB53037A1E0960D2008A405D /* Info.plist */ = {isa = PBXFileReference; lastKnownFileType = text.plist.xml; path = Info.plist; sourceTree = "<group>"; };
		FB53037F1E0960D2008A405D /* Tourist HelperUITests.xctest */ = {isa = PBXFileReference; explicitFileType = wrapper.cfbundle; includeInIndex = 0; path = "Tourist HelperUITests.xctest"; sourceTree = BUILT_PRODUCTS_DIR; };
		FB5303831E0960D2008A405D /* Tourist_HelperUITests.swift */ = {isa = PBXFileReference; lastKnownFileType = sourcecode.swift; path = Tourist_HelperUITests.swift; sourceTree = "<group>"; };
		FB5303851E0960D2008A405D /* Info.plist */ = {isa = PBXFileReference; lastKnownFileType = text.plist.xml; path = Info.plist; sourceTree = "<group>"; };
		FB5303911E09623B008A405D /* CoreDataStack.swift */ = {isa = PBXFileReference; fileEncoding = 4; lastKnownFileType = sourcecode.swift; path = CoreDataStack.swift; sourceTree = "<group>"; };
		FB5303931E096296008A405D /* CurrencyConvertorVC.swift */ = {isa = PBXFileReference; fileEncoding = 4; lastKnownFileType = sourcecode.swift; path = CurrencyConvertorVC.swift; sourceTree = "<group>"; };
		FB5303971E0962F3008A405D /* LocationWeatherVC.swift */ = {isa = PBXFileReference; fileEncoding = 4; lastKnownFileType = sourcecode.swift; path = LocationWeatherVC.swift; sourceTree = "<group>"; };
		FB5303A01E09728C008A405D /* LocationTableVC.swift */ = {isa = PBXFileReference; fileEncoding = 4; lastKnownFileType = sourcecode.swift; path = LocationTableVC.swift; sourceTree = "<group>"; };
		FB667DB61E0ACC560046B203 /* WeatherSearchVC.swift */ = {isa = PBXFileReference; fileEncoding = 4; lastKnownFileType = sourcecode.swift; path = WeatherSearchVC.swift; sourceTree = "<group>"; };
		FB6EFCCF1E0A4B2D00FCC8FE /* TouristHelperNetwork.swift */ = {isa = PBXFileReference; fileEncoding = 4; lastKnownFileType = sourcecode.swift; path = TouristHelperNetwork.swift; sourceTree = "<group>"; };
		FBA4D2941E0E5A8E008A6359 /* TouristHelperConstants.swift */ = {isa = PBXFileReference; fileEncoding = 4; lastKnownFileType = sourcecode.swift; path = TouristHelperConstants.swift; sourceTree = "<group>"; };
/* End PBXFileReference section */

/* Begin PBXFrameworksBuildPhase section */
		FB53035A1E0960D1008A405D /* Frameworks */ = {
			isa = PBXFrameworksBuildPhase;
			buildActionMask = 2147483647;
			files = (
				1BDEEA3B314685A8D113A4C4 /* Pods_Tourist_Helper.framework in Frameworks */,
			);
			runOnlyForDeploymentPostprocessing = 0;
		};
		FB5303711E0960D2008A405D /* Frameworks */ = {
			isa = PBXFrameworksBuildPhase;
			buildActionMask = 2147483647;
			files = (
				6FC73E5848F7D169896A689F /* Pods_Tourist_HelperTests.framework in Frameworks */,
			);
			runOnlyForDeploymentPostprocessing = 0;
		};
		FB53037C1E0960D2008A405D /* Frameworks */ = {
			isa = PBXFrameworksBuildPhase;
			buildActionMask = 2147483647;
			files = (
				674DA3B37FD73EC48D22B92B /* Pods_Tourist_HelperUITests.framework in Frameworks */,
			);
			runOnlyForDeploymentPostprocessing = 0;
		};
/* End PBXFrameworksBuildPhase section */

/* Begin PBXGroup section */
		BD447FD054769ACB26C4B2E7 /* Pods */ = {
			isa = PBXGroup;
			children = (
				45B3BA02652D8CF758C6351A /* Pods-Tourist Helper.debug.xcconfig */,
				DCB7B33467590468A4B23DF1 /* Pods-Tourist Helper.release.xcconfig */,
				EC2A80F7BEA11F9B5C43CD5F /* Pods-Tourist HelperTests.debug.xcconfig */,
				E91F0F47AA7782076F6C3F8B /* Pods-Tourist HelperTests.release.xcconfig */,
				6AB59556426BEA161582B93B /* Pods-Tourist HelperUITests.debug.xcconfig */,
				68BCE728A526D2AE25C14205 /* Pods-Tourist HelperUITests.release.xcconfig */,
			);
			name = Pods;
			sourceTree = "<group>";
		};
		E2387C823B8D91B5BF9B3DE9 /* Frameworks */ = {
			isa = PBXGroup;
			children = (
				99E32D5125A24C579C4F394C /* Pods_Tourist_Helper.framework */,
				6816B7D968DD91D2B566359F /* Pods_Tourist_HelperTests.framework */,
				1C0702A37925A9E7B223BA1B /* Pods_Tourist_HelperUITests.framework */,
			);
			name = Frameworks;
			sourceTree = "<group>";
		};
		FB5303541E0960D1008A405D = {
			isa = PBXGroup;
			children = (
				FB53035F1E0960D2008A405D /* Tourist Helper */,
				FB5303771E0960D2008A405D /* Tourist HelperTests */,
				FB5303821E0960D2008A405D /* Tourist HelperUITests */,
				FB53035E1E0960D2008A405D /* Products */,
				BD447FD054769ACB26C4B2E7 /* Pods */,
				E2387C823B8D91B5BF9B3DE9 /* Frameworks */,
			);
			sourceTree = "<group>";
		};
		FB53035E1E0960D2008A405D /* Products */ = {
			isa = PBXGroup;
			children = (
				FB53035D1E0960D2008A405D /* Tourist Helper.app */,
				FB5303741E0960D2008A405D /* Tourist HelperTests.xctest */,
				FB53037F1E0960D2008A405D /* Tourist HelperUITests.xctest */,
			);
			name = Products;
			sourceTree = "<group>";
		};
		FB53035F1E0960D2008A405D /* Tourist Helper */ = {
			isa = PBXGroup;
			children = (
				43EC146C20A1E4780073C6DE /* Tourist Helper.entitlements */,
				FB5303601E0960D2008A405D /* AppDelegate.swift */,
				FB5303641E0960D2008A405D /* Main.storyboard */,
				43E6C0DA20A16ED30016FD47 /* Podfile */,
				FB5303671E0960D2008A405D /* Tourist_Helper.xcdatamodeld */,
				FB53039F1E09637A008A405D /* Extras */,
				FB53039E1E096362008A405D /* Controller */,
				FB53039A1E09631C008A405D /* Currency */,
				FB5303991E096311008A405D /* Weather */,
				FB53039D1E09635E008A405D /* Model */,
			);
			path = "Tourist Helper";
			sourceTree = "<group>";
		};
		FB5303771E0960D2008A405D /* Tourist HelperTests */ = {
			isa = PBXGroup;
			children = (
				FB5303781E0960D2008A405D /* Tourist_HelperTests.swift */,
				FB53037A1E0960D2008A405D /* Info.plist */,
			);
			path = "Tourist HelperTests";
			sourceTree = "<group>";
		};
		FB5303821E0960D2008A405D /* Tourist HelperUITests */ = {
			isa = PBXGroup;
			children = (
				FB5303831E0960D2008A405D /* Tourist_HelperUITests.swift */,
				FB5303851E0960D2008A405D /* Info.plist */,
			);
			path = "Tourist HelperUITests";
			sourceTree = "<group>";
		};
		FB5303991E096311008A405D /* Weather */ = {
			isa = PBXGroup;
			children = (
				FB667DB61E0ACC560046B203 /* WeatherSearchVC.swift */,
				FB5303A01E09728C008A405D /* LocationTableVC.swift */,
				FB5303971E0962F3008A405D /* LocationWeatherVC.swift */,
			);
			name = Weather;
			sourceTree = "<group>";
		};
		FB53039A1E09631C008A405D /* Currency */ = {
			isa = PBXGroup;
			children = (
				FB5303931E096296008A405D /* CurrencyConvertorVC.swift */,
			);
			name = Currency;
			sourceTree = "<group>";
		};
		FB53039D1E09635E008A405D /* Model */ = {
			isa = PBXGroup;
			children = (
				FB5303911E09623B008A405D /* CoreDataStack.swift */,
				FB4E99751E0AB39D007599CF /* City+CoreDataClass.swift */,
				FB4E99761E0AB39D007599CF /* City+CoreDataProperties.swift */,
			);
			name = Model;
			sourceTree = "<group>";
		};
		FB53039E1E096362008A405D /* Controller */ = {
			isa = PBXGroup;
			children = (
				FBA4D2941E0E5A8E008A6359 /* TouristHelperConstants.swift */,
				FB6EFCCF1E0A4B2D00FCC8FE /* TouristHelperNetwork.swift */,
				FB41C0391E0D8F0800B5F80F /* CurrencyConvertorNetwork.swift */,
			);
			name = Controller;
			sourceTree = "<group>";
		};
		FB53039F1E09637A008A405D /* Extras */ = {
			isa = PBXGroup;
			children = (
				43B6DB8920356286000D7915 /* Launch.png */,
				FB53036A1E0960D2008A405D /* Assets.xcassets */,
				FB53036C1E0960D2008A405D /* LaunchScreen.storyboard */,
				FB53036F1E0960D2008A405D /* Info.plist */,
				43EC146D20A2F4AC0073C6DE /* GoogleService-Info.plist */,
			);
			name = Extras;
			sourceTree = "<group>";
		};
/* End PBXGroup section */

/* Begin PBXNativeTarget section */
		FB53035C1E0960D1008A405D /* Tourist Helper */ = {
			isa = PBXNativeTarget;
			buildConfigurationList = FB5303881E0960D2008A405D /* Build configuration list for PBXNativeTarget "Tourist Helper" */;
			buildPhases = (
				E1969202607C4FA17D53CA01 /* [CP] Check Pods Manifest.lock */,
				FB5303591E0960D1008A405D /* Sources */,
				FB53035A1E0960D1008A405D /* Frameworks */,
				FB53035B1E0960D1008A405D /* Resources */,
				64F3C863C5CF6E846DF93E11 /* [CP] Embed Pods Frameworks */,
			);
			buildRules = (
			);
			dependencies = (
			);
			name = "Tourist Helper";
			productName = "Tourist Helper";
			productReference = FB53035D1E0960D2008A405D /* Tourist Helper.app */;
			productType = "com.apple.product-type.application";
		};
		FB5303731E0960D2008A405D /* Tourist HelperTests */ = {
			isa = PBXNativeTarget;
			buildConfigurationList = FB53038B1E0960D2008A405D /* Build configuration list for PBXNativeTarget "Tourist HelperTests" */;
			buildPhases = (
				858D068E8570443C34160259 /* [CP] Check Pods Manifest.lock */,
				FB5303701E0960D2008A405D /* Sources */,
				FB5303711E0960D2008A405D /* Frameworks */,
				FB5303721E0960D2008A405D /* Resources */,
			);
			buildRules = (
			);
			dependencies = (
				FB5303761E0960D2008A405D /* PBXTargetDependency */,
			);
			name = "Tourist HelperTests";
			productName = "Tourist HelperTests";
			productReference = FB5303741E0960D2008A405D /* Tourist HelperTests.xctest */;
			productType = "com.apple.product-type.bundle.unit-test";
		};
		FB53037E1E0960D2008A405D /* Tourist HelperUITests */ = {
			isa = PBXNativeTarget;
			buildConfigurationList = FB53038E1E0960D2008A405D /* Build configuration list for PBXNativeTarget "Tourist HelperUITests" */;
			buildPhases = (
				AFFCA8A2E177B22D22957CFF /* [CP] Check Pods Manifest.lock */,
				FB53037B1E0960D2008A405D /* Sources */,
				FB53037C1E0960D2008A405D /* Frameworks */,
				FB53037D1E0960D2008A405D /* Resources */,
			);
			buildRules = (
			);
			dependencies = (
				FB5303811E0960D2008A405D /* PBXTargetDependency */,
			);
			name = "Tourist HelperUITests";
			productName = "Tourist HelperUITests";
			productReference = FB53037F1E0960D2008A405D /* Tourist HelperUITests.xctest */;
			productType = "com.apple.product-type.bundle.ui-testing";
		};
/* End PBXNativeTarget section */

/* Begin PBXProject section */
		FB5303551E0960D1008A405D /* Project object */ = {
			isa = PBXProject;
			attributes = {
				LastSwiftUpdateCheck = 0800;
				LastUpgradeCheck = 0800;
				ORGANIZATIONNAME = Sensehack;
				TargetAttributes = {
					FB53035C1E0960D1008A405D = {
						CreatedOnToolsVersion = 8.0;
						DevelopmentTeam = LGQH99U6M2;
						ProvisioningStyle = Automatic;
						SystemCapabilities = {
							com.apple.Push = {
								enabled = 0;
							};
						};
					};
					FB5303731E0960D2008A405D = {
						CreatedOnToolsVersion = 8.0;
						ProvisioningStyle = Automatic;
						TestTargetID = FB53035C1E0960D1008A405D;
					};
					FB53037E1E0960D2008A405D = {
						CreatedOnToolsVersion = 8.0;
						ProvisioningStyle = Automatic;
						TestTargetID = FB53035C1E0960D1008A405D;
					};
				};
			};
			buildConfigurationList = FB5303581E0960D1008A405D /* Build configuration list for PBXProject "Tourist Helper" */;
			compatibilityVersion = "Xcode 3.2";
			developmentRegion = English;
			hasScannedForEncodings = 0;
			knownRegions = (
				en,
				Base,
			);
			mainGroup = FB5303541E0960D1008A405D;
			productRefGroup = FB53035E1E0960D2008A405D /* Products */;
			projectDirPath = "";
			projectRoot = "";
			targets = (
				FB53035C1E0960D1008A405D /* Tourist Helper */,
				FB5303731E0960D2008A405D /* Tourist HelperTests */,
				FB53037E1E0960D2008A405D /* Tourist HelperUITests */,
			);
		};
/* End PBXProject section */

/* Begin PBXResourcesBuildPhase section */
		FB53035B1E0960D1008A405D /* Resources */ = {
			isa = PBXResourcesBuildPhase;
			buildActionMask = 2147483647;
			files = (
				43E6C0DB20A16ED30016FD47 /* Podfile in Resources */,
				43B6DB8A20356286000D7915 /* Launch.png in Resources */,
				FB53036E1E0960D2008A405D /* LaunchScreen.storyboard in Resources */,
				FB53036B1E0960D2008A405D /* Assets.xcassets in Resources */,
				FB5303661E0960D2008A405D /* Main.storyboard in Resources */,
				43EC146E20A2F4AC0073C6DE /* GoogleService-Info.plist in Resources */,
			);
			runOnlyForDeploymentPostprocessing = 0;
		};
		FB5303721E0960D2008A405D /* Resources */ = {
			isa = PBXResourcesBuildPhase;
			buildActionMask = 2147483647;
			files = (
			);
			runOnlyForDeploymentPostprocessing = 0;
		};
		FB53037D1E0960D2008A405D /* Resources */ = {
			isa = PBXResourcesBuildPhase;
			buildActionMask = 2147483647;
			files = (
			);
			runOnlyForDeploymentPostprocessing = 0;
		};
/* End PBXResourcesBuildPhase section */

/* Begin PBXShellScriptBuildPhase section */
		64F3C863C5CF6E846DF93E11 /* [CP] Embed Pods Frameworks */ = {
			isa = PBXShellScriptBuildPhase;
			buildActionMask = 2147483647;
			files = (
			);
			inputPaths = (
				"${SRCROOT}/Pods/Target Support Files/Pods-Tourist Helper/Pods-Tourist Helper-frameworks.sh",
				"${BUILT_PRODUCTS_DIR}/GoogleToolboxForMac/GoogleToolboxForMac.framework",
				"${BUILT_PRODUCTS_DIR}/nanopb/nanopb.framework",
			);
			name = "[CP] Embed Pods Frameworks";
			outputPaths = (
				"${TARGET_BUILD_DIR}/${FRAMEWORKS_FOLDER_PATH}/GoogleToolboxForMac.framework",
				"${TARGET_BUILD_DIR}/${FRAMEWORKS_FOLDER_PATH}/nanopb.framework",
			);
			runOnlyForDeploymentPostprocessing = 0;
			shellPath = /bin/sh;
			shellScript = "\"${SRCROOT}/Pods/Target Support Files/Pods-Tourist Helper/Pods-Tourist Helper-frameworks.sh\"\n";
			showEnvVarsInLog = 0;
		};
		858D068E8570443C34160259 /* [CP] Check Pods Manifest.lock */ = {
			isa = PBXShellScriptBuildPhase;
			buildActionMask = 2147483647;
			files = (
			);
			inputPaths = (
				"${PODS_PODFILE_DIR_PATH}/Podfile.lock",
				"${PODS_ROOT}/Manifest.lock",
			);
			name = "[CP] Check Pods Manifest.lock";
			outputPaths = (
				"$(DERIVED_FILE_DIR)/Pods-Tourist HelperTests-checkManifestLockResult.txt",
			);
			runOnlyForDeploymentPostprocessing = 0;
			shellPath = /bin/sh;
			shellScript = "diff \"${PODS_PODFILE_DIR_PATH}/Podfile.lock\" \"${PODS_ROOT}/Manifest.lock\" > /dev/null\nif [ $? != 0 ] ; then\n    # print error to STDERR\n    echo \"error: The sandbox is not in sync with the Podfile.lock. Run 'pod install' or update your CocoaPods installation.\" >&2\n    exit 1\nfi\n# This output is used by Xcode 'outputs' to avoid re-running this script phase.\necho \"SUCCESS\" > \"${SCRIPT_OUTPUT_FILE_0}\"\n";
			showEnvVarsInLog = 0;
		};
		AFFCA8A2E177B22D22957CFF /* [CP] Check Pods Manifest.lock */ = {
			isa = PBXShellScriptBuildPhase;
			buildActionMask = 2147483647;
			files = (
			);
			inputPaths = (
				"${PODS_PODFILE_DIR_PATH}/Podfile.lock",
				"${PODS_ROOT}/Manifest.lock",
			);
			name = "[CP] Check Pods Manifest.lock";
			outputPaths = (
				"$(DERIVED_FILE_DIR)/Pods-Tourist HelperUITests-checkManifestLockResult.txt",
			);
			runOnlyForDeploymentPostprocessing = 0;
			shellPath = /bin/sh;
			shellScript = "diff \"${PODS_PODFILE_DIR_PATH}/Podfile.lock\" \"${PODS_ROOT}/Manifest.lock\" > /dev/null\nif [ $? != 0 ] ; then\n    # print error to STDERR\n    echo \"error: The sandbox is not in sync with the Podfile.lock. Run 'pod install' or update your CocoaPods installation.\" >&2\n    exit 1\nfi\n# This output is used by Xcode 'outputs' to avoid re-running this script phase.\necho \"SUCCESS\" > \"${SCRIPT_OUTPUT_FILE_0}\"\n";
			showEnvVarsInLog = 0;
		};
		E1969202607C4FA17D53CA01 /* [CP] Check Pods Manifest.lock */ = {
			isa = PBXShellScriptBuildPhase;
			buildActionMask = 2147483647;
			files = (
			);
			inputPaths = (
				"${PODS_PODFILE_DIR_PATH}/Podfile.lock",
				"${PODS_ROOT}/Manifest.lock",
			);
			name = "[CP] Check Pods Manifest.lock";
			outputPaths = (
				"$(DERIVED_FILE_DIR)/Pods-Tourist Helper-checkManifestLockResult.txt",
			);
			runOnlyForDeploymentPostprocessing = 0;
			shellPath = /bin/sh;
			shellScript = "diff \"${PODS_PODFILE_DIR_PATH}/Podfile.lock\" \"${PODS_ROOT}/Manifest.lock\" > /dev/null\nif [ $? != 0 ] ; then\n    # print error to STDERR\n    echo \"error: The sandbox is not in sync with the Podfile.lock. Run 'pod install' or update your CocoaPods installation.\" >&2\n    exit 1\nfi\n# This output is used by Xcode 'outputs' to avoid re-running this script phase.\necho \"SUCCESS\" > \"${SCRIPT_OUTPUT_FILE_0}\"\n";
			showEnvVarsInLog = 0;
		};
/* End PBXShellScriptBuildPhase section */

/* Begin PBXSourcesBuildPhase section */
		FB5303591E0960D1008A405D /* Sources */ = {
			isa = PBXSourcesBuildPhase;
			buildActionMask = 2147483647;
			files = (
				FB5303981E0962F3008A405D /* LocationWeatherVC.swift in Sources */,
				FB667DB71E0ACC560046B203 /* WeatherSearchVC.swift in Sources */,
				FB5303A11E09728C008A405D /* LocationTableVC.swift in Sources */,
				FB4E99781E0AB39D007599CF /* City+CoreDataProperties.swift in Sources */,
				FB6EFCD01E0A4B2D00FCC8FE /* TouristHelperNetwork.swift in Sources */,
				FB5303941E096296008A405D /* CurrencyConvertorVC.swift in Sources */,
				FB5303691E0960D2008A405D /* Tourist_Helper.xcdatamodeld in Sources */,
				FBA4D2951E0E5A8E008A6359 /* TouristHelperConstants.swift in Sources */,
				FB5303611E0960D2008A405D /* AppDelegate.swift in Sources */,
				FB5303921E09623B008A405D /* CoreDataStack.swift in Sources */,
				FB41C03A1E0D8F0800B5F80F /* CurrencyConvertorNetwork.swift in Sources */,
				FB4E99771E0AB39D007599CF /* City+CoreDataClass.swift in Sources */,
			);
			runOnlyForDeploymentPostprocessing = 0;
		};
		FB5303701E0960D2008A405D /* Sources */ = {
			isa = PBXSourcesBuildPhase;
			buildActionMask = 2147483647;
			files = (
				FB5303791E0960D2008A405D /* Tourist_HelperTests.swift in Sources */,
			);
			runOnlyForDeploymentPostprocessing = 0;
		};
		FB53037B1E0960D2008A405D /* Sources */ = {
			isa = PBXSourcesBuildPhase;
			buildActionMask = 2147483647;
			files = (
				FB5303841E0960D2008A405D /* Tourist_HelperUITests.swift in Sources */,
			);
			runOnlyForDeploymentPostprocessing = 0;
		};
/* End PBXSourcesBuildPhase section */

/* Begin PBXTargetDependency section */
		FB5303761E0960D2008A405D /* PBXTargetDependency */ = {
			isa = PBXTargetDependency;
			target = FB53035C1E0960D1008A405D /* Tourist Helper */;
			targetProxy = FB5303751E0960D2008A405D /* PBXContainerItemProxy */;
		};
		FB5303811E0960D2008A405D /* PBXTargetDependency */ = {
			isa = PBXTargetDependency;
			target = FB53035C1E0960D1008A405D /* Tourist Helper */;
			targetProxy = FB5303801E0960D2008A405D /* PBXContainerItemProxy */;
		};
/* End PBXTargetDependency section */

/* Begin PBXVariantGroup section */
		FB5303641E0960D2008A405D /* Main.storyboard */ = {
			isa = PBXVariantGroup;
			children = (
				FB5303651E0960D2008A405D /* Base */,
			);
			name = Main.storyboard;
			sourceTree = "<group>";
		};
		FB53036C1E0960D2008A405D /* LaunchScreen.storyboard */ = {
			isa = PBXVariantGroup;
			children = (
				FB53036D1E0960D2008A405D /* Base */,
			);
			name = LaunchScreen.storyboard;
			sourceTree = "<group>";
		};
/* End PBXVariantGroup section */

/* Begin XCBuildConfiguration section */
		FB5303861E0960D2008A405D /* Debug */ = {
			isa = XCBuildConfiguration;
			buildSettings = {
				ALWAYS_SEARCH_USER_PATHS = NO;
				CLANG_ANALYZER_NONNULL = YES;
				CLANG_CXX_LANGUAGE_STANDARD = "gnu++0x";
				CLANG_CXX_LIBRARY = "libc++";
				CLANG_ENABLE_MODULES = YES;
				CLANG_ENABLE_OBJC_ARC = YES;
				CLANG_WARN_BOOL_CONVERSION = YES;
				CLANG_WARN_CONSTANT_CONVERSION = YES;
				CLANG_WARN_DIRECT_OBJC_ISA_USAGE = YES_ERROR;
				CLANG_WARN_DOCUMENTATION_COMMENTS = YES;
				CLANG_WARN_EMPTY_BODY = YES;
				CLANG_WARN_ENUM_CONVERSION = YES;
				CLANG_WARN_INFINITE_RECURSION = YES;
				CLANG_WARN_INT_CONVERSION = YES;
				CLANG_WARN_OBJC_ROOT_CLASS = YES_ERROR;
				CLANG_WARN_SUSPICIOUS_MOVES = YES;
				CLANG_WARN_UNREACHABLE_CODE = YES;
				CLANG_WARN__DUPLICATE_METHOD_MATCH = YES;
				"CODE_SIGN_IDENTITY[sdk=iphoneos*]" = "";
				COPY_PHASE_STRIP = NO;
				DEBUG_INFORMATION_FORMAT = dwarf;
				ENABLE_STRICT_OBJC_MSGSEND = YES;
				ENABLE_TESTABILITY = YES;
				GCC_C_LANGUAGE_STANDARD = gnu99;
				GCC_DYNAMIC_NO_PIC = NO;
				GCC_NO_COMMON_BLOCKS = YES;
				GCC_OPTIMIZATION_LEVEL = 0;
				GCC_PREPROCESSOR_DEFINITIONS = (
					"DEBUG=1",
					"$(inherited)",
				);
				GCC_WARN_64_TO_32_BIT_CONVERSION = YES;
				GCC_WARN_ABOUT_RETURN_TYPE = YES_ERROR;
				GCC_WARN_UNDECLARED_SELECTOR = YES;
				GCC_WARN_UNINITIALIZED_AUTOS = YES_AGGRESSIVE;
				GCC_WARN_UNUSED_FUNCTION = YES;
				GCC_WARN_UNUSED_VARIABLE = YES;
				IPHONEOS_DEPLOYMENT_TARGET = 10.0;
				MTL_ENABLE_DEBUG_INFO = YES;
				ONLY_ACTIVE_ARCH = YES;
				SDKROOT = iphoneos;
				SWIFT_ACTIVE_COMPILATION_CONDITIONS = DEBUG;
				SWIFT_OPTIMIZATION_LEVEL = "-Onone";
			};
			name = Debug;
		};
		FB5303871E0960D2008A405D /* Release */ = {
			isa = XCBuildConfiguration;
			buildSettings = {
				ALWAYS_SEARCH_USER_PATHS = NO;
				CLANG_ANALYZER_NONNULL = YES;
				CLANG_CXX_LANGUAGE_STANDARD = "gnu++0x";
				CLANG_CXX_LIBRARY = "libc++";
				CLANG_ENABLE_MODULES = YES;
				CLANG_ENABLE_OBJC_ARC = YES;
				CLANG_WARN_BOOL_CONVERSION = YES;
				CLANG_WARN_CONSTANT_CONVERSION = YES;
				CLANG_WARN_DIRECT_OBJC_ISA_USAGE = YES_ERROR;
				CLANG_WARN_DOCUMENTATION_COMMENTS = YES;
				CLANG_WARN_EMPTY_BODY = YES;
				CLANG_WARN_ENUM_CONVERSION = YES;
				CLANG_WARN_INFINITE_RECURSION = YES;
				CLANG_WARN_INT_CONVERSION = YES;
				CLANG_WARN_OBJC_ROOT_CLASS = YES_ERROR;
				CLANG_WARN_SUSPICIOUS_MOVES = YES;
				CLANG_WARN_UNREACHABLE_CODE = YES;
				CLANG_WARN__DUPLICATE_METHOD_MATCH = YES;
				"CODE_SIGN_IDENTITY[sdk=iphoneos*]" = "";
				COPY_PHASE_STRIP = NO;
				DEBUG_INFORMATION_FORMAT = "dwarf-with-dsym";
				ENABLE_NS_ASSERTIONS = NO;
				ENABLE_STRICT_OBJC_MSGSEND = YES;
				GCC_C_LANGUAGE_STANDARD = gnu99;
				GCC_NO_COMMON_BLOCKS = YES;
				GCC_WARN_64_TO_32_BIT_CONVERSION = YES;
				GCC_WARN_ABOUT_RETURN_TYPE = YES_ERROR;
				GCC_WARN_UNDECLARED_SELECTOR = YES;
				GCC_WARN_UNINITIALIZED_AUTOS = YES_AGGRESSIVE;
				GCC_WARN_UNUSED_FUNCTION = YES;
				GCC_WARN_UNUSED_VARIABLE = YES;
				IPHONEOS_DEPLOYMENT_TARGET = 10.0;
				MTL_ENABLE_DEBUG_INFO = NO;
				SDKROOT = iphoneos;
				SWIFT_OPTIMIZATION_LEVEL = "-Owholemodule";
				VALIDATE_PRODUCT = YES;
			};
			name = Release;
		};
		FB5303891E0960D2008A405D /* Debug */ = {
			isa = XCBuildConfiguration;
			baseConfigurationReference = 45B3BA02652D8CF758C6351A /* Pods-Tourist Helper.debug.xcconfig */;
			buildSettings = {
				ASSETCATALOG_COMPILER_APPICON_NAME = AppIcon;
				"CODE_SIGN_IDENTITY[sdk=iphoneos*]" = "iPhone Developer";
				CODE_SIGN_STYLE = Automatic;
				DEVELOPMENT_TEAM = LGQH99U6M2;
				INFOPLIST_FILE = "Tourist Helper/Info.plist";
				LD_RUNPATH_SEARCH_PATHS = "$(inherited) @executable_path/Frameworks";
				PRODUCT_BUNDLE_IDENTIFIER = "kautilyasave.Tourist-Helper";
				PRODUCT_NAME = "$(TARGET_NAME)";
				PROVISIONING_PROFILE = "";
				PROVISIONING_PROFILE_SPECIFIER = "";
				SWIFT_VERSION = 3.0;
				TARGETED_DEVICE_FAMILY = "1,2";
			};
			name = Debug;
		};
		FB53038A1E0960D2008A405D /* Release */ = {
			isa = XCBuildConfiguration;
			baseConfigurationReference = DCB7B33467590468A4B23DF1 /* Pods-Tourist Helper.release.xcconfig */;
			buildSettings = {
				ASSETCATALOG_COMPILER_APPICON_NAME = AppIcon;
				"CODE_SIGN_IDENTITY[sdk=iphoneos*]" = "iPhone Developer";
				CODE_SIGN_STYLE = Automatic;
				DEVELOPMENT_TEAM = LGQH99U6M2;
				INFOPLIST_FILE = "Tourist Helper/Info.plist";
				LD_RUNPATH_SEARCH_PATHS = "$(inherited) @executable_path/Frameworks";
				PRODUCT_BUNDLE_IDENTIFIER = "kautilyasave.Tourist-Helper";
				PRODUCT_NAME = "$(TARGET_NAME)";
				PROVISIONING_PROFILE = "";
				PROVISIONING_PROFILE_SPECIFIER = "";
				SWIFT_VERSION = 3.0;
				TARGETED_DEVICE_FAMILY = "1,2";
			};
			name = Release;
		};
		FB53038C1E0960D2008A405D /* Debug */ = {
			isa = XCBuildConfiguration;
			baseConfigurationReference = EC2A80F7BEA11F9B5C43CD5F /* Pods-Tourist HelperTests.debug.xcconfig */;
			buildSettings = {
				ALWAYS_EMBED_SWIFT_STANDARD_LIBRARIES = YES;
				BUNDLE_LOADER = "$(TEST_HOST)";
				INFOPLIST_FILE = "Tourist HelperTests/Info.plist";
				LD_RUNPATH_SEARCH_PATHS = "$(inherited) @executable_path/Frameworks @loader_path/Frameworks";
				PRODUCT_BUNDLE_IDENTIFIER = "kautilyasave.Tourist-HelperTests";
				PRODUCT_NAME = "$(TARGET_NAME)";
				SWIFT_VERSION = 3.0;
				TEST_HOST = "$(BUILT_PRODUCTS_DIR)/Tourist Helper.app/Tourist Helper";
			};
			name = Debug;
		};
		FB53038D1E0960D2008A405D /* Release */ = {
			isa = XCBuildConfiguration;
			baseConfigurationReference = E91F0F47AA7782076F6C3F8B /* Pods-Tourist HelperTests.release.xcconfig */;
			buildSettings = {
				ALWAYS_EMBED_SWIFT_STANDARD_LIBRARIES = YES;
				BUNDLE_LOADER = "$(TEST_HOST)";
				INFOPLIST_FILE = "Tourist HelperTests/Info.plist";
				LD_RUNPATH_SEARCH_PATHS = "$(inherited) @executable_path/Frameworks @loader_path/Frameworks";
				PRODUCT_BUNDLE_IDENTIFIER = "kautilyasave.Tourist-HelperTests";
				PRODUCT_NAME = "$(TARGET_NAME)";
				SWIFT_VERSION = 3.0;
				TEST_HOST = "$(BUILT_PRODUCTS_DIR)/Tourist Helper.app/Tourist Helper";
			};
			name = Release;
		};
		FB53038F1E0960D2008A405D /* Debug */ = {
			isa = XCBuildConfiguration;
			baseConfigurationReference = 6AB59556426BEA161582B93B /* Pods-Tourist HelperUITests.debug.xcconfig */;
			buildSettings = {
				ALWAYS_EMBED_SWIFT_STANDARD_LIBRARIES = YES;
				INFOPLIST_FILE = "Tourist HelperUITests/Info.plist";
				LD_RUNPATH_SEARCH_PATHS = "$(inherited) @executable_path/Frameworks @loader_path/Frameworks";
				PRODUCT_BUNDLE_IDENTIFIER = "kautilyasave.Tourist-HelperUITests";
				PRODUCT_NAME = "$(TARGET_NAME)";
				SWIFT_VERSION = 3.0;
				TEST_TARGET_NAME = "Tourist Helper";
			};
			name = Debug;
		};
		FB5303901E0960D2008A405D /* Release */ = {
			isa = XCBuildConfiguration;
			baseConfigurationReference = 68BCE728A526D2AE25C14205 /* Pods-Tourist HelperUITests.release.xcconfig */;
			buildSettings = {
				ALWAYS_EMBED_SWIFT_STANDARD_LIBRARIES = YES;
				INFOPLIST_FILE = "Tourist HelperUITests/Info.plist";
				LD_RUNPATH_SEARCH_PATHS = "$(inherited) @executable_path/Frameworks @loader_path/Frameworks";
				PRODUCT_BUNDLE_IDENTIFIER = "kautilyasave.Tourist-HelperUITests";
				PRODUCT_NAME = "$(TARGET_NAME)";
				SWIFT_VERSION = 3.0;
				TEST_TARGET_NAME = "Tourist Helper";
			};
			name = Release;
		};
/* End XCBuildConfiguration section */

/* Begin XCConfigurationList section */
		FB5303581E0960D1008A405D /* Build configuration list for PBXProject "Tourist Helper" */ = {
			isa = XCConfigurationList;
			buildConfigurations = (
				FB5303861E0960D2008A405D /* Debug */,
				FB5303871E0960D2008A405D /* Release */,
			);
			defaultConfigurationIsVisible = 0;
			defaultConfigurationName = Release;
		};
		FB5303881E0960D2008A405D /* Build configuration list for PBXNativeTarget "Tourist Helper" */ = {
			isa = XCConfigurationList;
			buildConfigurations = (
				FB5303891E0960D2008A405D /* Debug */,
				FB53038A1E0960D2008A405D /* Release */,
			);
			defaultConfigurationIsVisible = 0;
			defaultConfigurationName = Release;
		};
		FB53038B1E0960D2008A405D /* Build configuration list for PBXNativeTarget "Tourist HelperTests" */ = {
			isa = XCConfigurationList;
			buildConfigurations = (
				FB53038C1E0960D2008A405D /* Debug */,
				FB53038D1E0960D2008A405D /* Release */,
			);
			defaultConfigurationIsVisible = 0;
			defaultConfigurationName = Release;
		};
		FB53038E1E0960D2008A405D /* Build configuration list for PBXNativeTarget "Tourist HelperUITests" */ = {
			isa = XCConfigurationList;
			buildConfigurations = (
				FB53038F1E0960D2008A405D /* Debug */,
				FB5303901E0960D2008A405D /* Release */,
			);
			defaultConfigurationIsVisible = 0;
			defaultConfigurationName = Release;
		};
/* End XCConfigurationList section */

/* Begin XCVersionGroup section */
		FB5303671E0960D2008A405D /* Tourist_Helper.xcdatamodeld */ = {
			isa = XCVersionGroup;
			children = (
				FB5303681E0960D2008A405D /* Tourist_Helper.xcdatamodel */,
			);
			currentVersion = FB5303681E0960D2008A405D /* Tourist_Helper.xcdatamodel */;
			path = Tourist_Helper.xcdatamodeld;
			sourceTree = "<group>";
			versionGroupType = wrapper.xcdatamodel;
		};
/* End XCVersionGroup section */
	};
	rootObject = FB5303551E0960D1008A405D /* Project object */;
}
